
Microsoft Visual Studio Solution File, Format Version 12.00
# Visual Studio Version 16
VisualStudioVersion = 16.0.32228.343
MinimumVisualStudioVersion = 10.0.40219.1
Project("{FAE04EC0-301F-11D3-BF4B-00C04F79EFBC}") = "S7_NET", "S7_NET.csproj", "{4E519245-3C11-4241-8DBC-91267D35C780}"
EndProject
Global
	GlobalSection(SolutionConfigurationPlatforms) = preSolution
		Debug|Any CPU = Debug|Any CPU
		Release|Any CPU = Release|Any CPU
	EndGlobalSection
	GlobalSection(ProjectConfigurationPlatforms) = postSolution
		{4E519245-3C11-4241-8DBC-91267D35C780}.Debug|Any CPU.ActiveCfg = Debug|Any CPU
		{4E519245-3C11-4241-8DBC-91267D35C780}.Debug|Any CPU.Build.0 = Debug|Any CPU
		{4E519245-3C11-4241-8DBC-91267D35C780}.Release|Any CPU.ActiveCfg = Release|Any CPU
		{4E519245-3C11-4241-8DBC-91267D35C780}.Release|Any CPU.Build.0 = Release|Any CPU
	EndGlobalSection
	GlobalSection(SolutionProperties) = preSolution
		HideSolutionNode = FALSE
	EndGlobalSection
	GlobalSection(ExtensibilityGlobals) = postSolution
		SolutionGuid = {6B05C85A-3AD8-40A7-B43E-3808DB760D9A}
	EndGlobalSection
EndGlobal
